
Microsoft Visual Studio Solution File, Format Version 12.00
# Visual Studio Version 16
VisualStudioVersion = 16.0.30717.126
MinimumVisualStudioVersion = 10.0.40219.1
Project("{FAE04EC0-301F-11D3-BF4B-00C04F79EFBC}") = "MovieShop.Web", "MovieShop.Web\MovieShop.Web.csproj", "{1E58C310-19CE-41DE-A30E-482BBD94B889}"
EndProject
Project("{FAE04EC0-301F-11D3-BF4B-00C04F79EFBC}") = "MiveShop.Core", "MiveShop.Core\MiveShop.Core.csproj", "{794D5FE0-0DF6-471B-BA97-C4F6FE062F03}"
EndProject
Project("{FAE04EC0-301F-11D3-BF4B-00C04F79EFBC}") = "MovieShop.Infrastructure", "MovieShop.Infrastructure\MovieShop.Infrastructure.csproj", "{54013955-896A-4947-915C-FAC38B7956CC}"
EndProject
Global
	GlobalSection(SolutionConfigurationPlatforms) = preSolution
		Debug|Any CPU = Debug|Any CPU
		Release|Any CPU = Release|Any CPU
	EndGlobalSection
	GlobalSection(ProjectConfigurationPlatforms) = postSolution
		{1E58C310-19CE-41DE-A30E-482BBD94B889}.Debug|Any CPU.ActiveCfg = Debug|Any CPU
		{1E58C310-19CE-41DE-A30E-482BBD94B889}.Debug|Any CPU.Build.0 = Debug|Any CPU
		{1E58C310-19CE-41DE-A30E-482BBD94B889}.Release|Any CPU.ActiveCfg = Release|Any CPU
		{1E58C310-19CE-41DE-A30E-482BBD94B889}.Release|Any CPU.Build.0 = Release|Any CPU
		{794D5FE0-0DF6-471B-BA97-C4F6FE062F03}.Debug|Any CPU.ActiveCfg = Debug|Any CPU
		{794D5FE0-0DF6-471B-BA97-C4F6FE062F03}.Debug|Any CPU.Build.0 = Debug|Any CPU
		{794D5FE0-0DF6-471B-BA97-C4F6FE062F03}.Release|Any CPU.ActiveCfg = Release|Any CPU
		{794D5FE0-0DF6-471B-BA97-C4F6FE062F03}.Release|Any CPU.Build.0 = Release|Any CPU
		{54013955-896A-4947-915C-FAC38B7956CC}.Debug|Any CPU.ActiveCfg = Debug|Any CPU
		{54013955-896A-4947-915C-FAC38B7956CC}.Debug|Any CPU.Build.0 = Debug|Any CPU
		{54013955-896A-4947-915C-FAC38B7956CC}.Release|Any CPU.ActiveCfg = Release|Any CPU
		{54013955-896A-4947-915C-FAC38B7956CC}.Release|Any CPU.Build.0 = Release|Any CPU
	EndGlobalSection
	GlobalSection(SolutionProperties) = preSolution
		HideSolutionNode = FALSE
	EndGlobalSection
	GlobalSection(ExtensibilityGlobals) = postSolution
		SolutionGuid = {6268971D-9E4E-4726-999B-0275283F86B8}
	EndGlobalSection
EndGlobal
